
Microsoft Visual Studio Solution File, Format Version 12.00
# Visual Studio 2013
VisualStudioVersion = 12.0.30110.0
MinimumVisualStudioVersion = 10.0.40219.1
Project("{FAE04EC0-301F-11D3-BF4B-00C04F79EFBC}") = "NTier.UI", "Presentation\NTier.UI\NTier.UI\NTier.UI.csproj", "{5EF61A6F-F0E5-44A0-ACED-510AC2C8FB9D}"
	ProjectSection(ProjectDependencies) = postProject
		{3E89386B-8505-4050-83DD-0A575FC77721} = {3E89386B-8505-4050-83DD-0A575FC77721}
		{7EE5BE7B-5A0B-4424-AE9B-8C8145C64133} = {7EE5BE7B-5A0B-4424-AE9B-8C8145C64133}
		{39737EEE-0169-4A0F-97A9-599981536429} = {39737EEE-0169-4A0F-97A9-599981536429}
	EndProjectSection
EndProject
Project("{2150E333-8FDC-42A3-9474-1A3956D46DE8}") = "Presentation", "Presentation", "{48AC83AE-E49D-41FA-A328-5066C4F74AAE}"
EndProject
Project("{2150E333-8FDC-42A3-9474-1A3956D46DE8}") = "Business", "Business", "{D8C86C98-B7E8-4B68-B9A1-7F8819D69C3C}"
EndProject
Project("{FAE04EC0-301F-11D3-BF4B-00C04F79EFBC}") = "NTier.Service", "Presentation\NTier.Service\NTier.Service.csproj", "{39737EEE-0169-4A0F-97A9-599981536429}"
	ProjectSection(ProjectDependencies) = postProject
		{3E89386B-8505-4050-83DD-0A575FC77721} = {3E89386B-8505-4050-83DD-0A575FC77721}
		{7EE5BE7B-5A0B-4424-AE9B-8C8145C64133} = {7EE5BE7B-5A0B-4424-AE9B-8C8145C64133}
	EndProjectSection
EndProject
Project("{2150E333-8FDC-42A3-9474-1A3956D46DE8}") = "Data", "Data", "{B9A17F3A-E096-4A84-A40E-8D728A0D7B25}"
EndProject
Project("{2150E333-8FDC-42A3-9474-1A3956D46DE8}") = "Shared", "Shared", "{022C10A3-EDF2-4A56-97AD-7B1BEB394A01}"
EndProject
Project("{FAE04EC0-301F-11D3-BF4B-00C04F79EFBC}") = "NTier.BusinessComponents", "Business\NTier.BusinessComponents\NTier.BusinessComponents.csproj", "{3E89386B-8505-4050-83DD-0A575FC77721}"
	ProjectSection(ProjectDependencies) = postProject
		{7EE5BE7B-5A0B-4424-AE9B-8C8145C64133} = {7EE5BE7B-5A0B-4424-AE9B-8C8145C64133}
		{747C097D-8660-47FE-935F-AF4E0F3518B3} = {747C097D-8660-47FE-935F-AF4E0F3518B3}
	EndProjectSection
EndProject
Project("{FAE04EC0-301F-11D3-BF4B-00C04F79EFBC}") = "NTier.DataAccess", "Data\NTier.DataAccess\NTier.DataAccess.csproj", "{747C097D-8660-47FE-935F-AF4E0F3518B3}"
	ProjectSection(ProjectDependencies) = postProject
		{7EE5BE7B-5A0B-4424-AE9B-8C8145C64133} = {7EE5BE7B-5A0B-4424-AE9B-8C8145C64133}
		{A22418FC-FAD0-445A-93B3-6B76E9B20D1A} = {A22418FC-FAD0-445A-93B3-6B76E9B20D1A}
	EndProjectSection
EndProject
Project("{FAE04EC0-301F-11D3-BF4B-00C04F79EFBC}") = "NTier.Entities", "Shared\NTier.Entities\NTier.Entities.csproj", "{7EE5BE7B-5A0B-4424-AE9B-8C8145C64133}"
EndProject
Project("{FAE04EC0-301F-11D3-BF4B-00C04F79EFBC}") = "NTier.CommonComponents", "Shared\NTier.CommonComponents\NTier.CommonComponents.csproj", "{A22418FC-FAD0-445A-93B3-6B76E9B20D1A}"
EndProject
Global
	GlobalSection(SolutionConfigurationPlatforms) = preSolution
		Debug|Any CPU = Debug|Any CPU
		Release|Any CPU = Release|Any CPU
	EndGlobalSection
	GlobalSection(ProjectConfigurationPlatforms) = postSolution
		{5EF61A6F-F0E5-44A0-ACED-510AC2C8FB9D}.Debug|Any CPU.ActiveCfg = Debug|Any CPU
		{5EF61A6F-F0E5-44A0-ACED-510AC2C8FB9D}.Debug|Any CPU.Build.0 = Debug|Any CPU
		{5EF61A6F-F0E5-44A0-ACED-510AC2C8FB9D}.Release|Any CPU.ActiveCfg = Release|Any CPU
		{5EF61A6F-F0E5-44A0-ACED-510AC2C8FB9D}.Release|Any CPU.Build.0 = Release|Any CPU
		{39737EEE-0169-4A0F-97A9-599981536429}.Debug|Any CPU.ActiveCfg = Debug|Any CPU
		{39737EEE-0169-4A0F-97A9-599981536429}.Debug|Any CPU.Build.0 = Debug|Any CPU
		{39737EEE-0169-4A0F-97A9-599981536429}.Release|Any CPU.ActiveCfg = Release|Any CPU
		{39737EEE-0169-4A0F-97A9-599981536429}.Release|Any CPU.Build.0 = Release|Any CPU
		{3E89386B-8505-4050-83DD-0A575FC77721}.Debug|Any CPU.ActiveCfg = Debug|Any CPU
		{3E89386B-8505-4050-83DD-0A575FC77721}.Debug|Any CPU.Build.0 = Debug|Any CPU
		{3E89386B-8505-4050-83DD-0A575FC77721}.Release|Any CPU.ActiveCfg = Release|Any CPU
		{3E89386B-8505-4050-83DD-0A575FC77721}.Release|Any CPU.Build.0 = Release|Any CPU
		{747C097D-8660-47FE-935F-AF4E0F3518B3}.Debug|Any CPU.ActiveCfg = Debug|Any CPU
		{747C097D-8660-47FE-935F-AF4E0F3518B3}.Debug|Any CPU.Build.0 = Debug|Any CPU
		{747C097D-8660-47FE-935F-AF4E0F3518B3}.Release|Any CPU.ActiveCfg = Release|Any CPU
		{747C097D-8660-47FE-935F-AF4E0F3518B3}.Release|Any CPU.Build.0 = Release|Any CPU
		{7EE5BE7B-5A0B-4424-AE9B-8C8145C64133}.Debug|Any CPU.ActiveCfg = Debug|Any CPU
		{7EE5BE7B-5A0B-4424-AE9B-8C8145C64133}.Debug|Any CPU.Build.0 = Debug|Any CPU
		{7EE5BE7B-5A0B-4424-AE9B-8C8145C64133}.Release|Any CPU.ActiveCfg = Release|Any CPU
		{7EE5BE7B-5A0B-4424-AE9B-8C8145C64133}.Release|Any CPU.Build.0 = Release|Any CPU
		{A22418FC-FAD0-445A-93B3-6B76E9B20D1A}.Debug|Any CPU.ActiveCfg = Debug|Any CPU
		{A22418FC-FAD0-445A-93B3-6B76E9B20D1A}.Debug|Any CPU.Build.0 = Debug|Any CPU
		{A22418FC-FAD0-445A-93B3-6B76E9B20D1A}.Release|Any CPU.ActiveCfg = Release|Any CPU
		{A22418FC-FAD0-445A-93B3-6B76E9B20D1A}.Release|Any CPU.Build.0 = Release|Any CPU
	EndGlobalSection
	GlobalSection(SolutionProperties) = preSolution
		HideSolutionNode = FALSE
	EndGlobalSection
	GlobalSection(NestedProjects) = preSolution
		{5EF61A6F-F0E5-44A0-ACED-510AC2C8FB9D} = {48AC83AE-E49D-41FA-A328-5066C4F74AAE}
		{39737EEE-0169-4A0F-97A9-599981536429} = {48AC83AE-E49D-41FA-A328-5066C4F74AAE}
		{3E89386B-8505-4050-83DD-0A575FC77721} = {D8C86C98-B7E8-4B68-B9A1-7F8819D69C3C}
		{747C097D-8660-47FE-935F-AF4E0F3518B3} = {B9A17F3A-E096-4A84-A40E-8D728A0D7B25}
		{7EE5BE7B-5A0B-4424-AE9B-8C8145C64133} = {022C10A3-EDF2-4A56-97AD-7B1BEB394A01}
		{A22418FC-FAD0-445A-93B3-6B76E9B20D1A} = {022C10A3-EDF2-4A56-97AD-7B1BEB394A01}
	EndGlobalSection
EndGlobal
